
Microsoft Visual Studio Solution File, Format Version 12.00
# Visual Studio Version 17
VisualStudioVersion = 17.1.32414.318
MinimumVisualStudioVersion = 10.0.40219.1
Project("{FAE04EC0-301F-11D3-BF4B-00C04F79EFBC}") = "ExperimentRecursion", "ExperimentRecursion.csproj", "{CFAD7C59-D368-46DB-9E1D-51B94B07C1C8}"
EndProject
Global
	GlobalSection(SolutionConfigurationPlatforms) = preSolution
		Debug|Any CPU = Debug|Any CPU
		Release|Any CPU = Release|Any CPU
	EndGlobalSection
	GlobalSection(ProjectConfigurationPlatforms) = postSolution
		{CFAD7C59-D368-46DB-9E1D-51B94B07C1C8}.Debug|Any CPU.ActiveCfg = Debug|Any CPU
		{CFAD7C59-D368-46DB-9E1D-51B94B07C1C8}.Debug|Any CPU.Build.0 = Debug|Any CPU
		{CFAD7C59-D368-46DB-9E1D-51B94B07C1C8}.Release|Any CPU.ActiveCfg = Release|Any CPU
		{CFAD7C59-D368-46DB-9E1D-51B94B07C1C8}.Release|Any CPU.Build.0 = Release|Any CPU
	EndGlobalSection
	GlobalSection(SolutionProperties) = preSolution
		HideSolutionNode = FALSE
	EndGlobalSection
	GlobalSection(ExtensibilityGlobals) = postSolution
		SolutionGuid = {5ED2413C-29DB-497F-9C37-EE9A3EB16CFE}
	EndGlobalSection
EndGlobal
