
Microsoft Visual Studio Solution File, Format Version 12.00
# Visual Studio Version 16
VisualStudioVersion = 16.0.30503.244
MinimumVisualStudioVersion = 10.0.40219.1
Project("{FAE04EC0-301F-11D3-BF4B-00C04F79EFBC}") = "ExperimentFileIOWithToDoList", "ExperimentFileIOWithToDoList.csproj", "{7C6B0FB0-9C94-491B-AAF4-74E914B0668A}"
EndProject
Global
	GlobalSection(SolutionConfigurationPlatforms) = preSolution
		Debug|Any CPU = Debug|Any CPU
		Release|Any CPU = Release|Any CPU
	EndGlobalSection
	GlobalSection(ProjectConfigurationPlatforms) = postSolution
		{7C6B0FB0-9C94-491B-AAF4-74E914B0668A}.Debug|Any CPU.ActiveCfg = Debug|Any CPU
		{7C6B0FB0-9C94-491B-AAF4-74E914B0668A}.Debug|Any CPU.Build.0 = Debug|Any CPU
		{7C6B0FB0-9C94-491B-AAF4-74E914B0668A}.Release|Any CPU.ActiveCfg = Release|Any CPU
		{7C6B0FB0-9C94-491B-AAF4-74E914B0668A}.Release|Any CPU.Build.0 = Release|Any CPU
	EndGlobalSection
	GlobalSection(SolutionProperties) = preSolution
		HideSolutionNode = FALSE
	EndGlobalSection
	GlobalSection(ExtensibilityGlobals) = postSolution
		SolutionGuid = {1FB991E6-ED7D-4E77-9904-85BCAE47918F}
	EndGlobalSection
EndGlobal
